
Microsoft Visual Studio Solution File, Format Version 12.00
# Visual Studio Version 17
VisualStudioVersion = 17.6.33829.357
MinimumVisualStudioVersion = 10.0.40219.1
Project("{FAE04EC0-301F-11D3-BF4B-00C04F79EFBC}") = "TP2_6216948_PWS", "TP2_6216948_PWS\TP2_6216948_PWS.csproj", "{C1B30CEF-530B-4B8E-A2D2-21909D20EDC6}"
EndProject
Global
	GlobalSection(SolutionConfigurationPlatforms) = preSolution
		Debug|Any CPU = Debug|Any CPU
		Release|Any CPU = Release|Any CPU
	EndGlobalSection
	GlobalSection(ProjectConfigurationPlatforms) = postSolution
		{C1B30CEF-530B-4B8E-A2D2-21909D20EDC6}.Debug|Any CPU.ActiveCfg = Debug|Any CPU
		{C1B30CEF-530B-4B8E-A2D2-21909D20EDC6}.Debug|Any CPU.Build.0 = Debug|Any CPU
		{C1B30CEF-530B-4B8E-A2D2-21909D20EDC6}.Release|Any CPU.ActiveCfg = Release|Any CPU
		{C1B30CEF-530B-4B8E-A2D2-21909D20EDC6}.Release|Any CPU.Build.0 = Release|Any CPU
	EndGlobalSection
	GlobalSection(SolutionProperties) = preSolution
		HideSolutionNode = FALSE
	EndGlobalSection
	GlobalSection(ExtensibilityGlobals) = postSolution
		SolutionGuid = {028DB990-5EFB-4227-9584-F5E484396D94}
	EndGlobalSection
EndGlobal
